
Microsoft Visual Studio Solution File, Format Version 12.00
# Visual Studio Version 17
VisualStudioVersion = 17.7.34031.279
MinimumVisualStudioVersion = 10.0.40219.1
Project("{FAE04EC0-301F-11D3-BF4B-00C04F79EFBC}") = "SchoolMGTProject", "SchoolMGTProject\SchoolMGTProject.csproj", "{12FCB8A4-F975-4379-AF28-F59736F6AFE5}"
EndProject
Project("{FAE04EC0-301F-11D3-BF4B-00C04F79EFBC}") = "SchoolMGTLibrary", "SchoolMGTLibrary\SchoolMGTLibrary.csproj", "{65EFD9BD-1F64-4DB6-83A0-19AB31C08FDD}"
EndProject
Global
	GlobalSection(SolutionConfigurationPlatforms) = preSolution
		Debug|Any CPU = Debug|Any CPU
		Release|Any CPU = Release|Any CPU
	EndGlobalSection
	GlobalSection(ProjectConfigurationPlatforms) = postSolution
		{12FCB8A4-F975-4379-AF28-F59736F6AFE5}.Debug|Any CPU.ActiveCfg = Debug|Any CPU
		{12FCB8A4-F975-4379-AF28-F59736F6AFE5}.Debug|Any CPU.Build.0 = Debug|Any CPU
		{12FCB8A4-F975-4379-AF28-F59736F6AFE5}.Release|Any CPU.ActiveCfg = Release|Any CPU
		{12FCB8A4-F975-4379-AF28-F59736F6AFE5}.Release|Any CPU.Build.0 = Release|Any CPU
		{65EFD9BD-1F64-4DB6-83A0-19AB31C08FDD}.Debug|Any CPU.ActiveCfg = Debug|Any CPU
		{65EFD9BD-1F64-4DB6-83A0-19AB31C08FDD}.Debug|Any CPU.Build.0 = Debug|Any CPU
		{65EFD9BD-1F64-4DB6-83A0-19AB31C08FDD}.Release|Any CPU.ActiveCfg = Release|Any CPU
		{65EFD9BD-1F64-4DB6-83A0-19AB31C08FDD}.Release|Any CPU.Build.0 = Release|Any CPU
	EndGlobalSection
	GlobalSection(SolutionProperties) = preSolution
		HideSolutionNode = FALSE
	EndGlobalSection
	GlobalSection(ExtensibilityGlobals) = postSolution
		SolutionGuid = {F21D663B-C168-411B-8AB4-A1261656078E}
	EndGlobalSection
EndGlobal
